
Microsoft Visual Studio Solution File, Format Version 12.00
# Visual Studio Version 17
VisualStudioVersion = 17.5.33516.290
MinimumVisualStudioVersion = 10.0.40219.1
Project("{FAE04EC0-301F-11D3-BF4B-00C04F79EFBC}") = "IShareConsoleApp", "IShareConsoleApp.csproj", "{0329C5E2-EF63-4B03-A7E6-6F8352088578}"
EndProject
Global
	GlobalSection(SolutionConfigurationPlatforms) = preSolution
		Debug|Any CPU = Debug|Any CPU
		Release|Any CPU = Release|Any CPU
	EndGlobalSection
	GlobalSection(ProjectConfigurationPlatforms) = postSolution
		{0329C5E2-EF63-4B03-A7E6-6F8352088578}.Debug|Any CPU.ActiveCfg = Debug|Any CPU
		{0329C5E2-EF63-4B03-A7E6-6F8352088578}.Debug|Any CPU.Build.0 = Debug|Any CPU
		{0329C5E2-EF63-4B03-A7E6-6F8352088578}.Release|Any CPU.ActiveCfg = Release|Any CPU
		{0329C5E2-EF63-4B03-A7E6-6F8352088578}.Release|Any CPU.Build.0 = Release|Any CPU
	EndGlobalSection
	GlobalSection(SolutionProperties) = preSolution
		HideSolutionNode = FALSE
	EndGlobalSection
	GlobalSection(ExtensibilityGlobals) = postSolution
		SolutionGuid = {3C5D8214-DB95-47E7-A5F6-9D7B7D3C81DE}
	EndGlobalSection
EndGlobal
