
Microsoft Visual Studio Solution File, Format Version 12.00
# Visual Studio Version 17
VisualStudioVersion = 17.5.33516.290
MinimumVisualStudioVersion = 10.0.40219.1
Project("{FAE04EC0-301F-11D3-BF4B-00C04F79EFBC}") = "AdoptmeConsoleApp", "AdoptmeConsoleApp.csproj", "{56B656DF-307F-4CA3-B65B-365AFC7E0EDC}"
EndProject
Global
	GlobalSection(SolutionConfigurationPlatforms) = preSolution
		Debug|Any CPU = Debug|Any CPU
		Release|Any CPU = Release|Any CPU
	EndGlobalSection
	GlobalSection(ProjectConfigurationPlatforms) = postSolution
		{56B656DF-307F-4CA3-B65B-365AFC7E0EDC}.Debug|Any CPU.ActiveCfg = Debug|Any CPU
		{56B656DF-307F-4CA3-B65B-365AFC7E0EDC}.Debug|Any CPU.Build.0 = Debug|Any CPU
		{56B656DF-307F-4CA3-B65B-365AFC7E0EDC}.Release|Any CPU.ActiveCfg = Release|Any CPU
		{56B656DF-307F-4CA3-B65B-365AFC7E0EDC}.Release|Any CPU.Build.0 = Release|Any CPU
	EndGlobalSection
	GlobalSection(SolutionProperties) = preSolution
		HideSolutionNode = FALSE
	EndGlobalSection
	GlobalSection(ExtensibilityGlobals) = postSolution
		SolutionGuid = {18284DEF-EF44-4BC6-B2E7-F0C1F1CD4C16}
	EndGlobalSection
EndGlobal
