
Microsoft Visual Studio Solution File, Format Version 12.00
# Visual Studio Version 17
VisualStudioVersion = 17.5.33516.290
MinimumVisualStudioVersion = 10.0.40219.1
Project("{FAE04EC0-301F-11D3-BF4B-00C04F79EFBC}") = "MagicianREDConsoleApp", "MagicianREDConsoleApp.csproj", "{78AA5B21-F2C4-447B-915A-31C1B3F0BF20}"
EndProject
Global
	GlobalSection(SolutionConfigurationPlatforms) = preSolution
		Debug|Any CPU = Debug|Any CPU
		Release|Any CPU = Release|Any CPU
	EndGlobalSection
	GlobalSection(ProjectConfigurationPlatforms) = postSolution
		{78AA5B21-F2C4-447B-915A-31C1B3F0BF20}.Debug|Any CPU.ActiveCfg = Debug|Any CPU
		{78AA5B21-F2C4-447B-915A-31C1B3F0BF20}.Debug|Any CPU.Build.0 = Debug|Any CPU
		{78AA5B21-F2C4-447B-915A-31C1B3F0BF20}.Release|Any CPU.ActiveCfg = Release|Any CPU
		{78AA5B21-F2C4-447B-915A-31C1B3F0BF20}.Release|Any CPU.Build.0 = Release|Any CPU
	EndGlobalSection
	GlobalSection(SolutionProperties) = preSolution
		HideSolutionNode = FALSE
	EndGlobalSection
	GlobalSection(ExtensibilityGlobals) = postSolution
		SolutionGuid = {AB3DA9C5-46BE-48FF-B7B3-E45E2B8F9DE8}
	EndGlobalSection
EndGlobal
